
Microsoft Visual Studio Solution File, Format Version 12.00
# Visual Studio 15
VisualStudioVersion = 15.0.28307.329
MinimumVisualStudioVersion = 10.0.40219.1
Project("{FAE04EC0-301F-11D3-BF4B-00C04F79EFBC}") = "Example1", "Week9\Example1.csproj", "{F1ABCB9F-6CF3-4046-B560-FDF759A967DE}"
EndProject
Project("{FAE04EC0-301F-11D3-BF4B-00C04F79EFBC}") = "RectangleDrawer", "RectangleDrawer\RectangleDrawer.csproj", "{6C19D0AA-0DA7-4895-B592-23368700EA57}"
EndProject
Project("{FAE04EC0-301F-11D3-BF4B-00C04F79EFBC}") = "LineDrawer", "LineDrawer\LineDrawer.csproj", "{B7E3694B-19C5-4E20-8066-5761DB3D69F8}"
EndProject
Global
	GlobalSection(SolutionConfigurationPlatforms) = preSolution
		Debug|Any CPU = Debug|Any CPU
		Release|Any CPU = Release|Any CPU
	EndGlobalSection
	GlobalSection(ProjectConfigurationPlatforms) = postSolution
		{F1ABCB9F-6CF3-4046-B560-FDF759A967DE}.Debug|Any CPU.ActiveCfg = Debug|Any CPU
		{F1ABCB9F-6CF3-4046-B560-FDF759A967DE}.Debug|Any CPU.Build.0 = Debug|Any CPU
		{F1ABCB9F-6CF3-4046-B560-FDF759A967DE}.Release|Any CPU.ActiveCfg = Release|Any CPU
		{F1ABCB9F-6CF3-4046-B560-FDF759A967DE}.Release|Any CPU.Build.0 = Release|Any CPU
		{6C19D0AA-0DA7-4895-B592-23368700EA57}.Debug|Any CPU.ActiveCfg = Debug|Any CPU
		{6C19D0AA-0DA7-4895-B592-23368700EA57}.Debug|Any CPU.Build.0 = Debug|Any CPU
		{6C19D0AA-0DA7-4895-B592-23368700EA57}.Release|Any CPU.ActiveCfg = Release|Any CPU
		{6C19D0AA-0DA7-4895-B592-23368700EA57}.Release|Any CPU.Build.0 = Release|Any CPU
		{B7E3694B-19C5-4E20-8066-5761DB3D69F8}.Debug|Any CPU.ActiveCfg = Debug|Any CPU
		{B7E3694B-19C5-4E20-8066-5761DB3D69F8}.Debug|Any CPU.Build.0 = Debug|Any CPU
		{B7E3694B-19C5-4E20-8066-5761DB3D69F8}.Release|Any CPU.ActiveCfg = Release|Any CPU
		{B7E3694B-19C5-4E20-8066-5761DB3D69F8}.Release|Any CPU.Build.0 = Release|Any CPU
	EndGlobalSection
	GlobalSection(SolutionProperties) = preSolution
		HideSolutionNode = FALSE
	EndGlobalSection
	GlobalSection(ExtensibilityGlobals) = postSolution
		SolutionGuid = {7264CB7D-E6E9-48DC-BBC8-186AFCFD4CA4}
	EndGlobalSection
EndGlobal
