
Microsoft Visual Studio Solution File, Format Version 12.00
# Visual Studio 15
VisualStudioVersion = 15.0.28307.329
MinimumVisualStudioVersion = 10.0.40219.1
Project("{FAE04EC0-301F-11D3-BF4B-00C04F79EFBC}") = "task1", "task1\task1.csproj", "{25B43191-3198-44E3-A7EF-20CE1B459F00}"
EndProject
Project("{FAE04EC0-301F-11D3-BF4B-00C04F79EFBC}") = "task1n2", "task1.2\task1n2.csproj", "{43408270-AE2D-412A-B437-0A997E636192}"
EndProject
Project("{FAE04EC0-301F-11D3-BF4B-00C04F79EFBC}") = "task2", "task2\task2.csproj", "{D481A4C3-61C6-4CFE-A4B1-372AC4AE1B22}"
EndProject
Global
	GlobalSection(SolutionConfigurationPlatforms) = preSolution
		Debug|Any CPU = Debug|Any CPU
		Release|Any CPU = Release|Any CPU
	EndGlobalSection
	GlobalSection(ProjectConfigurationPlatforms) = postSolution
		{25B43191-3198-44E3-A7EF-20CE1B459F00}.Debug|Any CPU.ActiveCfg = Debug|Any CPU
		{25B43191-3198-44E3-A7EF-20CE1B459F00}.Debug|Any CPU.Build.0 = Debug|Any CPU
		{25B43191-3198-44E3-A7EF-20CE1B459F00}.Release|Any CPU.ActiveCfg = Release|Any CPU
		{25B43191-3198-44E3-A7EF-20CE1B459F00}.Release|Any CPU.Build.0 = Release|Any CPU
		{43408270-AE2D-412A-B437-0A997E636192}.Debug|Any CPU.ActiveCfg = Debug|Any CPU
		{43408270-AE2D-412A-B437-0A997E636192}.Debug|Any CPU.Build.0 = Debug|Any CPU
		{43408270-AE2D-412A-B437-0A997E636192}.Release|Any CPU.ActiveCfg = Release|Any CPU
		{43408270-AE2D-412A-B437-0A997E636192}.Release|Any CPU.Build.0 = Release|Any CPU
		{D481A4C3-61C6-4CFE-A4B1-372AC4AE1B22}.Debug|Any CPU.ActiveCfg = Debug|Any CPU
		{D481A4C3-61C6-4CFE-A4B1-372AC4AE1B22}.Debug|Any CPU.Build.0 = Debug|Any CPU
		{D481A4C3-61C6-4CFE-A4B1-372AC4AE1B22}.Release|Any CPU.ActiveCfg = Release|Any CPU
		{D481A4C3-61C6-4CFE-A4B1-372AC4AE1B22}.Release|Any CPU.Build.0 = Release|Any CPU
	EndGlobalSection
	GlobalSection(SolutionProperties) = preSolution
		HideSolutionNode = FALSE
	EndGlobalSection
	GlobalSection(ExtensibilityGlobals) = postSolution
		SolutionGuid = {E0DE944E-5324-4972-B50B-FEA798ED6977}
	EndGlobalSection
EndGlobal
